name: generate-lock

on:
  push:
    branches:
      - security/hardening-v1
    paths-ignore:
      - package-lock.json

permissions:
  contents: write

jobs:
  lockfile:
    runs-on: ubuntu-latest
    timeout-minutes: 10
    steps:
      - uses: actions/checkout@v5
        with:
          ref: security/hardening-v1
      - uses: actions/setup-node@v5
        with:
          node-version: 22
      - run: npm install --package-lock-only --ignore-scripts --no-audit --no-fund
      - name: Commit lockfile
        run: |
          git config user.name "github-actions[bot]"
          git config user.email "41898282+github-actions[bot]@users.noreply.github.com"
          git add package-lock.json
          if git diff --cached --quiet; then
            echo "Lockfile already up to date"
          else
            git commit -m "chore: add reproducible npm lockfile"
            git push origin HEAD:security/hardening-v1
          fi
